lockfileVersion: '9.0'

settings:
  autoInstallPeers: true
  excludeLinksFromLockfile: false

importers:

  .:
    devDependencies:
      '@types/luaparse':
        specifier: ^0.2.12
        version: 0.2.12
      '@types/node':
        specifier: ^20
        version: 20.19.9
      comment-json:
        specifier: ^4.2.5
        version: 4.2.5
      luaparse:
        specifier: ^0.3.1
        version: 0.3.1
      tsx:
        specifier: ^4.19.2
        version: 4.20.3
      typescript:
        specifier: ^5.7.3
        version: 5.8.3
      vite:
        specifier: ^6.0.11
        version: 6.3.5(@types/node@20.19.9)(tsx@4.20.3)

packages:

  '@esbuild/aix-ppc64@0.25.8':
    resolution: {integrity: sha512-urAvrUedIqEiFR3FYSLTWQgLu5tb+m0qZw0NBEasUeo6wuqatkMDaRT+1uABiGXEu5vqgPd7FGE1BhsAIy9QVA==}
    engines: {node: '>=18'}
    cpu: [ppc64]
    os: [aix]

  '@esbuild/android-arm64@0.25.8':
    resolution: {integrity: sha512-OD3p7LYzWpLhZEyATcTSJ67qB5D+20vbtr6vHlHWSQYhKtzUYrETuWThmzFpZtFsBIxRvhO07+UgVA9m0i/O1w==}
    engines: {node: '>=18'}
    cpu: [arm64]
    os: [android]

  '@esbuild/android-arm@0.25.8':
    resolution: {integrity: sha512-RONsAvGCz5oWyePVnLdZY/HHwA++nxYWIX1atInlaW6SEkwq6XkP3+cb825EUcRs5Vss/lGh/2YxAb5xqc07Uw==}
    engines: {node: '>=18'}
    cpu: [arm]
    os: [android]

  '@esbuild/android-x64@0.25.8':
    resolution: {integrity: sha512-yJAVPklM5+4+9dTeKwHOaA+LQkmrKFX96BM0A/2zQrbS6ENCmxc4OVoBs5dPkCCak2roAD+jKCdnmOqKszPkjA==}
    engines: {node: '>=18'}
    cpu: [x64]
    os: [android]

  '@esbuild/darwin-arm64@0.25.8':
    resolution: {integrity: sha512-Jw0mxgIaYX6R8ODrdkLLPwBqHTtYHJSmzzd+QeytSugzQ0Vg4c5rDky5VgkoowbZQahCbsv1rT1KW72MPIkevw==}
    engines: {node: '>=18'}
    cpu: [arm64]
    os: [darwin]

  '@esbuild/darwin-x64@0.25.8':
    resolution: {integrity: sha512-Vh2gLxxHnuoQ+GjPNvDSDRpoBCUzY4Pu0kBqMBDlK4fuWbKgGtmDIeEC081xi26PPjn+1tct+Bh8FjyLlw1Zlg==}
    engines: {node: '>=18'}
    cpu: [x64]
    os: [darwin]

  '@esbuild/freebsd-arm64@0.25.8':
    resolution: {integrity: sha512-YPJ7hDQ9DnNe5vxOm6jaie9QsTwcKedPvizTVlqWG9GBSq+BuyWEDazlGaDTC5NGU4QJd666V0yqCBL2oWKPfA==}
    engines: {node: '>=18'}
    cpu: [arm64]
    os: [freebsd]

  '@esbuild/freebsd-x64@0.25.8':
    resolution: {integrity: sha512-MmaEXxQRdXNFsRN/KcIimLnSJrk2r5H8v+WVafRWz5xdSVmWLoITZQXcgehI2ZE6gioE6HirAEToM/RvFBeuhw==}
    engines: {node: '>=18'}
    cpu: [x64]
    os: [freebsd]

  '@esbuild/linux-arm64@0.25.8':
    resolution: {integrity: sha512-WIgg00ARWv/uYLU7lsuDK00d/hHSfES5BzdWAdAig1ioV5kaFNrtK8EqGcUBJhYqotlUByUKz5Qo6u8tt7iD/w==}
    engines: {node: '>=18'}
    cpu: [arm64]
    os: [linux]

  '@esbuild/linux-arm@0.25.8':
    resolution: {integrity: sha512-FuzEP9BixzZohl1kLf76KEVOsxtIBFwCaLupVuk4eFVnOZfU+Wsn+x5Ryam7nILV2pkq2TqQM9EZPsOBuMC+kg==}
    engines: {node: '>=18'}
    cpu: [arm]
    os: [linux]

  '@esbuild/linux-ia32@0.25.8':
    resolution: {integrity: sha512-A1D9YzRX1i+1AJZuFFUMP1E9fMaYY+GnSQil9Tlw05utlE86EKTUA7RjwHDkEitmLYiFsRd9HwKBPEftNdBfjg==}
    engines: {node: '>=18'}
    cpu: [ia32]
    os: [linux]

  '@esbuild/linux-loong64@0.25.8':
    resolution: {integrity: sha512-O7k1J/dwHkY1RMVvglFHl1HzutGEFFZ3kNiDMSOyUrB7WcoHGf96Sh+64nTRT26l3GMbCW01Ekh/ThKM5iI7hQ==}
    engines: {node: '>=18'}
    cpu: [loong64]
    os: [linux]

  '@esbuild/linux-mips64el@0.25.8':
    resolution: {integrity: sha512-uv+dqfRazte3BzfMp8PAQXmdGHQt2oC/y2ovwpTteqrMx2lwaksiFZ/bdkXJC19ttTvNXBuWH53zy/aTj1FgGw==}
    engines: {node: '>=18'}
    cpu: [mips64el]
    os: [linux]

  '@esbuild/linux-ppc64@0.25.8':
    resolution: {integrity: sha512-GyG0KcMi1GBavP5JgAkkstMGyMholMDybAf8wF5A70CALlDM2p/f7YFE7H92eDeH/VBtFJA5MT4nRPDGg4JuzQ==}
    engines: {node: '>=18'}
    cpu: [ppc64]
    os: [linux]

  '@esbuild/linux-riscv64@0.25.8':
    resolution: {integrity: sha512-rAqDYFv3yzMrq7GIcen3XP7TUEG/4LK86LUPMIz6RT8A6pRIDn0sDcvjudVZBiiTcZCY9y2SgYX2lgK3AF+1eg==}
    engines: {node: '>=18'}
    cpu: [riscv64]
    os: [linux]

  '@esbuild/linux-s390x@0.25.8':
    resolution: {integrity: sha512-Xutvh6VjlbcHpsIIbwY8GVRbwoviWT19tFhgdA7DlenLGC/mbc3lBoVb7jxj9Z+eyGqvcnSyIltYUrkKzWqSvg==}
    engines: {node: '>=18'}
    cpu: [s390x]
    os: [linux]

  '@esbuild/linux-x64@0.25.8':
    resolution: {integrity: sha512-ASFQhgY4ElXh3nDcOMTkQero4b1lgubskNlhIfJrsH5OKZXDpUAKBlNS0Kx81jwOBp+HCeZqmoJuihTv57/jvQ==}
    engines: {node: '>=18'}
    cpu: [x64]
    os: [linux]

  '@esbuild/netbsd-arm64@0.25.8':
    resolution: {integrity: sha512-d1KfruIeohqAi6SA+gENMuObDbEjn22olAR7egqnkCD9DGBG0wsEARotkLgXDu6c4ncgWTZJtN5vcgxzWRMzcw==}
    engines: {node: '>=18'}
    cpu: [arm64]
    os: [netbsd]

  '@esbuild/netbsd-x64@0.25.8':
    resolution: {integrity: sha512-nVDCkrvx2ua+XQNyfrujIG38+YGyuy2Ru9kKVNyh5jAys6n+l44tTtToqHjino2My8VAY6Lw9H7RI73XFi66Cg==}
    engines: {node: '>=18'}
    cpu: [x64]
    os: [netbsd]

  '@esbuild/openbsd-arm64@0.25.8':
    resolution: {integrity: sha512-j8HgrDuSJFAujkivSMSfPQSAa5Fxbvk4rgNAS5i3K+r8s1X0p1uOO2Hl2xNsGFppOeHOLAVgYwDVlmxhq5h+SQ==}
    engines: {node: '>=18'}
    cpu: [arm64]
    os: [openbsd]

  '@esbuild/openbsd-x64@0.25.8':
    resolution: {integrity: sha512-1h8MUAwa0VhNCDp6Af0HToI2TJFAn1uqT9Al6DJVzdIBAd21m/G0Yfc77KDM3uF3T/YaOgQq3qTJHPbTOInaIQ==}
    engines: {node: '>=18'}
    cpu: [x64]
    os: [openbsd]

  '@esbuild/openharmony-arm64@0.25.8':
    resolution: {integrity: sha512-r2nVa5SIK9tSWd0kJd9HCffnDHKchTGikb//9c7HX+r+wHYCpQrSgxhlY6KWV1nFo1l4KFbsMlHk+L6fekLsUg==}
    engines: {node: '>=18'}
    cpu: [arm64]
    os: [openharmony]

  '@esbuild/sunos-x64@0.25.8':
    resolution: {integrity: sha512-zUlaP2S12YhQ2UzUfcCuMDHQFJyKABkAjvO5YSndMiIkMimPmxA+BYSBikWgsRpvyxuRnow4nS5NPnf9fpv41w==}
    engines: {node: '>=18'}
    cpu: [x64]
    os: [sunos]

  '@esbuild/win32-arm64@0.25.8':
    resolution: {integrity: sha512-YEGFFWESlPva8hGL+zvj2z/SaK+pH0SwOM0Nc/d+rVnW7GSTFlLBGzZkuSU9kFIGIo8q9X3ucpZhu8PDN5A2sQ==}
    engines: {node: '>=18'}
    cpu: [arm64]
    os: [win32]

  '@esbuild/win32-ia32@0.25.8':
    resolution: {integrity: sha512-hiGgGC6KZ5LZz58OL/+qVVoZiuZlUYlYHNAmczOm7bs2oE1XriPFi5ZHHrS8ACpV5EjySrnoCKmcbQMN+ojnHg==}
    engines: {node: '>=18'}
    cpu: [ia32]
    os: [win32]

  '@esbuild/win32-x64@0.25.8':
    resolution: {integrity: sha512-cn3Yr7+OaaZq1c+2pe+8yxC8E144SReCQjN6/2ynubzYjvyqZjTXfQJpAcQpsdJq3My7XADANiYGHoFC69pLQw==}
    engines: {node: '>=18'}
    cpu: [x64]
    os: [win32]

  '@rollup/rollup-android-arm-eabi@4.46.1':
    resolution: {integrity: sha512-oENme6QxtLCqjChRUUo3S6X8hjCXnWmJWnedD7VbGML5GUtaOtAyx+fEEXnBXVf0CBZApMQU0Idwi0FmyxzQhw==}
    cpu: [arm]
    os: [android]

  '@rollup/rollup-android-arm64@4.46.1':
    resolution: {integrity: sha512-OikvNT3qYTl9+4qQ9Bpn6+XHM+ogtFadRLuT2EXiFQMiNkXFLQfNVppi5o28wvYdHL2s3fM0D/MZJ8UkNFZWsw==}
    cpu: [arm64]
    os: [android]

  '@rollup/rollup-darwin-arm64@4.46.1':
    resolution: {integrity: sha512-EFYNNGij2WllnzljQDQnlFTXzSJw87cpAs4TVBAWLdkvic5Uh5tISrIL6NRcxoh/b2EFBG/TK8hgRrGx94zD4A==}
    cpu: [arm64]
    os: [darwin]

  '@rollup/rollup-darwin-x64@4.46.1':
    resolution: {integrity: sha512-ZaNH06O1KeTug9WI2+GRBE5Ujt9kZw4a1+OIwnBHal92I8PxSsl5KpsrPvthRynkhMck4XPdvY0z26Cym/b7oA==}
    cpu: [x64]
    os: [darwin]

  '@rollup/rollup-freebsd-arm64@4.46.1':
    resolution: {integrity: sha512-n4SLVebZP8uUlJ2r04+g2U/xFeiQlw09Me5UFqny8HGbARl503LNH5CqFTb5U5jNxTouhRjai6qPT0CR5c/Iig==}
    cpu: [arm64]
    os: [freebsd]

  '@rollup/rollup-freebsd-x64@4.46.1':
    resolution: {integrity: sha512-8vu9c02F16heTqpvo3yeiu7Vi1REDEC/yES/dIfq3tSXe6mLndiwvYr3AAvd1tMNUqE9yeGYa5w7PRbI5QUV+w==}
    cpu: [x64]
    os: [freebsd]

  '@rollup/rollup-linux-arm-gnueabihf@4.46.1':
    resolution: {integrity: sha512-K4ncpWl7sQuyp6rWiGUvb6Q18ba8mzM0rjWJ5JgYKlIXAau1db7hZnR0ldJvqKWWJDxqzSLwGUhA4jp+KqgDtQ==}
    cpu: [arm]
    os: [linux]

  '@rollup/rollup-linux-arm-musleabihf@4.46.1':
    resolution: {integrity: sha512-YykPnXsjUjmXE6j6k2QBBGAn1YsJUix7pYaPLK3RVE0bQL2jfdbfykPxfF8AgBlqtYbfEnYHmLXNa6QETjdOjQ==}
    cpu: [arm]
    os: [linux]

  '@rollup/rollup-linux-arm64-gnu@4.46.1':
    resolution: {integrity: sha512-kKvqBGbZ8i9pCGW3a1FH3HNIVg49dXXTsChGFsHGXQaVJPLA4f/O+XmTxfklhccxdF5FefUn2hvkoGJH0ScWOA==}
    cpu: [arm64]
    os: [linux]

  '@rollup/rollup-linux-arm64-musl@4.46.1':
    resolution: {integrity: sha512-zzX5nTw1N1plmqC9RGC9vZHFuiM7ZP7oSWQGqpbmfjK7p947D518cVK1/MQudsBdcD84t6k70WNczJOct6+hdg==}
    cpu: [arm64]
    os: [linux]

  '@rollup/rollup-linux-loongarch64-gnu@4.46.1':
    resolution: {integrity: sha512-O8CwgSBo6ewPpktFfSDgB6SJN9XDcPSvuwxfejiddbIC/hn9Tg6Ai0f0eYDf3XvB/+PIWzOQL+7+TZoB8p9Yuw==}
    cpu: [loong64]
    os: [linux]

  '@rollup/rollup-linux-ppc64-gnu@4.46.1':
    resolution: {integrity: sha512-JnCfFVEKeq6G3h3z8e60kAp8Rd7QVnWCtPm7cxx+5OtP80g/3nmPtfdCXbVl063e3KsRnGSKDHUQMydmzc/wBA==}
    cpu: [ppc64]
    os: [linux]

  '@rollup/rollup-linux-riscv64-gnu@4.46.1':
    resolution: {integrity: sha512-dVxuDqS237eQXkbYzQQfdf/njgeNw6LZuVyEdUaWwRpKHhsLI+y4H/NJV8xJGU19vnOJCVwaBFgr936FHOnJsQ==}
    cpu: [riscv64]
    os: [linux]

  '@rollup/rollup-linux-riscv64-musl@4.46.1':
    resolution: {integrity: sha512-CvvgNl2hrZrTR9jXK1ye0Go0HQRT6ohQdDfWR47/KFKiLd5oN5T14jRdUVGF4tnsN8y9oSfMOqH6RuHh+ck8+w==}
    cpu: [riscv64]
    os: [linux]

  '@rollup/rollup-linux-s390x-gnu@4.46.1':
    resolution: {integrity: sha512-x7ANt2VOg2565oGHJ6rIuuAon+A8sfe1IeUx25IKqi49OjSr/K3awoNqr9gCwGEJo9OuXlOn+H2p1VJKx1psxA==}
    cpu: [s390x]
    os: [linux]

  '@rollup/rollup-linux-x64-gnu@4.46.1':
    resolution: {integrity: sha512-9OADZYryz/7E8/qt0vnaHQgmia2Y0wrjSSn1V/uL+zw/i7NUhxbX4cHXdEQ7dnJgzYDS81d8+tf6nbIdRFZQoQ==}
    cpu: [x64]
    os: [linux]

  '@rollup/rollup-linux-x64-musl@4.46.1':
    resolution: {integrity: sha512-NuvSCbXEKY+NGWHyivzbjSVJi68Xfq1VnIvGmsuXs6TCtveeoDRKutI5vf2ntmNnVq64Q4zInet0UDQ+yMB6tA==}
    cpu: [x64]
    os: [linux]

  '@rollup/rollup-win32-arm64-msvc@4.46.1':
    resolution: {integrity: sha512-mWz+6FSRb82xuUMMV1X3NGiaPFqbLN9aIueHleTZCc46cJvwTlvIh7reQLk4p97dv0nddyewBhwzryBHH7wtPw==}
    cpu: [arm64]
    os: [win32]

  '@rollup/rollup-win32-ia32-msvc@4.46.1':
    resolution: {integrity: sha512-7Thzy9TMXDw9AU4f4vsLNBxh7/VOKuXi73VH3d/kHGr0tZ3x/ewgL9uC7ojUKmH1/zvmZe2tLapYcZllk3SO8Q==}
    cpu: [ia32]
    os: [win32]

  '@rollup/rollup-win32-x64-msvc@4.46.1':
    resolution: {integrity: sha512-7GVB4luhFmGUNXXJhH2jJwZCFB3pIOixv2E3s17GQHBFUOQaISlt7aGcQgqvCaDSxTZJUzlK/QJ1FN8S94MrzQ==}
    cpu: [x64]
    os: [win32]

  '@types/estree@1.0.8':
    resolution: {integrity: sha512-dWHzHa2WqEXI/O1E9OjrocMTKJl2mSrEolh1Iomrv6U+JuNwaHXsXx9bLu5gG7BUWFIN0skIQJQ/L1rIex4X6w==}

  '@types/luaparse@0.2.12':
    resolution: {integrity: sha512-liSE0OFeTsKejYrWVZHNA+WOPHj+kGjjZwE+xcojPM9SE2k8sdLDXZB4CObQ+uUkVtKKNOC8+m0wg1F7Nlmt8w==}

  '@types/node@20.19.9':
    resolution: {integrity: sha512-cuVNgarYWZqxRJDQHEB58GEONhOK79QVR/qYx4S7kcUObQvUwvFnYxJuuHUKm2aieN9X3yZB4LZsuYNU1Qphsw==}

  array-timsort@1.0.3:
    resolution: {integrity: sha512-/+3GRL7dDAGEfM6TseQk/U+mi18TU2Ms9I3UlLdUMhz2hbvGNTKdj9xniwXfUqgYhHxRx0+8UnKkvlNwVU+cWQ==}

  comment-json@4.2.5:
    resolution: {integrity: sha512-bKw/r35jR3HGt5PEPm1ljsQQGyCrR8sFGNiN5L+ykDHdpO8Smxkrkla9Yi6NkQyUrb8V54PGhfMs6NrIwtxtdw==}
    engines: {node: '>= 6'}

  core-util-is@1.0.3:
    resolution: {integrity: sha512-ZQBvi1DcpJ4GDqanjucZ2Hj3wEO5pZDS89BWbkcrvdxksJorwUDDZamX9ldFkp9aw2lmBDLgkObEA4DWNJ9FYQ==}

  esbuild@0.25.8:
    resolution: {integrity: sha512-vVC0USHGtMi8+R4Kz8rt6JhEWLxsv9Rnu/lGYbPR8u47B+DCBksq9JarW0zOO7bs37hyOK1l2/oqtbciutL5+Q==}
    engines: {node: '>=18'}
    hasBin: true

  esprima@4.0.1:
    resolution: {integrity: sha512-eGuFFw7Upda+g4p+QHvnW0RyTX/SVeJBDM/gCtMARO0cLuT2HcEKnTPvhjV6aGeqrCB/sbNop0Kszm0jsaWU4A==}
    engines: {node: '>=4'}
    hasBin: true

  fdir@6.4.6:
    resolution: {integrity: sha512-hiFoqpyZcfNm1yc4u8oWCf9A2c4D3QjCrks3zmoVKVxpQRzmPNar1hUJcBG2RQHvEVGDN+Jm81ZheVLAQMK6+w==}
    peerDependencies:
      picomatch: ^3 || ^4
    peerDependenciesMeta:
      picomatch:
        optional: true

  fsevents@2.3.3:
    resolution: {integrity: sha512-5xoDfX+fL7faATnagmWPpbFtwh/R77WmMMqqHGS65C3vvB0YHrgF+B1YmZ3441tMj5n63k0212XNoJwzlhffQw==}
    engines: {node: ^8.16.0 || ^10.6.0 || >=11.0.0}
    os: [darwin]

  get-tsconfig@4.10.1:
    resolution: {integrity: sha512-auHyJ4AgMz7vgS8Hp3N6HXSmlMdUyhSUrfBF16w153rxtLIEOE+HGqaBppczZvnHLqQJfiHotCYpNhl0lUROFQ==}

  has-own-prop@2.0.0:
    resolution: {integrity: sha512-Pq0h+hvsVm6dDEa8x82GnLSYHOzNDt7f0ddFa3FqcQlgzEiptPqL+XrOJNavjOzSYiYWIrgeVYYgGlLmnxwilQ==}
    engines: {node: '>=8'}

  luaparse@0.3.1:
    resolution: {integrity: sha512-b21h2bFEbtGXmVqguHogbyrMAA0wOHyp9u/rx+w6Yc9pW1t9YjhGUsp87lYcp7pFRqSWN/PhFkrdIqKEUzRjjQ==}
    hasBin: true

  nanoid@3.3.11:
    resolution: {integrity: sha512-N8SpfPUnUp1bK+PMYW8qSWdl9U+wwNWI4QKxOYDy9JAro3WMX7p2OeVRF9v+347pnakNevPmiHhNmZ2HbFA76w==}
    engines: {node: ^10 || ^12 || ^13.7 || ^14 || >=15.0.1}
    hasBin: true

  picocolors@1.1.1:
    resolution: {integrity: sha512-xceH2snhtb5M9liqDsmEw56le376mTZkEX/jEb/RxNFyegNul7eNslCXP9FDj/Lcu0X8KEyMceP2ntpaHrDEVA==}

  picomatch@4.0.3:
    resolution: {integrity: sha512-5gTmgEY/sqK6gFXLIsQNH19lWb4ebPDLA4SdLP7dsWkIXHWlG66oPuVvXSGFPppYZz8ZDZq0dYYrbHfBCVUb1Q==}
    engines: {node: '>=12'}

  postcss@8.5.6:
    resolution: {integrity: sha512-3Ybi1tAuwAP9s0r1UQ2J4n5Y0G05bJkpUIO0/bI9MhwmD70S5aTWbXGBwxHrelT+XM1k6dM0pk+SwNkpTRN7Pg==}
    engines: {node: ^10 || ^12 || >=14}

  repeat-string@1.6.1:
    resolution: {integrity: sha512-PV0dzCYDNfRi1jCDbJzpW7jNNDRuCOG/jI5ctQcGKt/clZD+YcPS3yIlWuTJMmESC8aevCFmWJy5wjAFgNqN6w==}
    engines: {node: '>=0.10'}

  resolve-pkg-maps@1.0.0:
    resolution: {integrity: sha512-seS2Tj26TBVOC2NIc2rOe2y2ZO7efxITtLZcGSOnHHNOQ7CkiUBfw0Iw2ck6xkIhPwLhKNLS8BO+hEpngQlqzw==}

  rollup@4.46.1:
    resolution: {integrity: sha512-33xGNBsDJAkzt0PvninskHlWnTIPgDtTwhg0U38CUoNP/7H6wI2Cz6dUeoNPbjdTdsYTGuiFFASuUOWovH0SyQ==}
    engines: {node: '>=18.0.0', npm: '>=8.0.0'}
    hasBin: true

  source-map-js@1.2.1:
    resolution: {integrity: sha512-UXWMKhLOwVKb728IUtQPXxfYU+usdybtUrK/8uGE8CQMvrhOpwvzDBwj0QhSL7MQc7vIsISBG8VQ8+IDQxpfQA==}
    engines: {node: '>=0.10.0'}

  tinyglobby@0.2.14:
    resolution: {integrity: sha512-tX5e7OM1HnYr2+a2C/4V0htOcSQcoSTH9KgJnVvNm5zm/cyEWKJ7j7YutsH9CxMdtOkkLFy2AHrMci9IM8IPZQ==}
    engines: {node: '>=12.0.0'}

  tsx@4.20.3:
    resolution: {integrity: sha512-qjbnuR9Tr+FJOMBqJCW5ehvIo/buZq7vH7qD7JziU98h6l3qGy0a/yPFjwO+y0/T7GFpNgNAvEcPPVfyT8rrPQ==}
    engines: {node: '>=18.0.0'}
    hasBin: true

  typescript@5.8.3:
    resolution: {integrity: sha512-p1diW6TqL9L07nNxvRMM7hMMw4c5XOo/1ibL4aAIGmSAt9slTE1Xgw5KWuof2uTOvCg9BY7ZRi+GaF+7sfgPeQ==}
    engines: {node: '>=14.17'}
    hasBin: true

  undici-types@6.21.0:
    resolution: {integrity: sha512-iwDZqg0QAGrg9Rav5H4n0M64c3mkR59cJ6wQp+7C4nI0gsmExaedaYLNO44eT4AtBBwjbTiGPMlt2Md0T9H9JQ==}

  vite@6.3.5:
    resolution: {integrity: sha512-cZn6NDFE7wdTpINgs++ZJ4N49W2vRp8LCKrn3Ob1kYNtOo21vfDoaV5GzBfLU4MovSAB8uNRm4jgzVQZ+mBzPQ==}
    engines: {node: ^18.0.0 || ^20.0.0 || >=22.0.0}
    hasBin: true
    peerDependencies:
      '@types/node': ^18.0.0 || ^20.0.0 || >=22.0.0
      jiti: '>=1.21.0'
      less: '*'
      lightningcss: ^1.21.0
      sass: '*'
      sass-embedded: '*'
      stylus: '*'
      sugarss: '*'
      terser: ^5.16.0
      tsx: ^4.8.1
      yaml: ^2.4.2
    peerDependenciesMeta:
      '@types/node':
        optional: true
      jiti:
        optional: true
      less:
        optional: true
      lightningcss:
        optional: true
      sass:
        optional: true
      sass-embedded:
        optional: true
      stylus:
        optional: true
      sugarss:
        optional: true
      terser:
        optional: true
      tsx:
        optional: true
      yaml:
        optional: true

snapshots:

  '@esbuild/aix-ppc64@0.25.8':
    optional: true

  '@esbuild/android-arm64@0.25.8':
    optional: true

  '@esbuild/android-arm@0.25.8':
    optional: true

  '@esbuild/android-x64@0.25.8':
    optional: true

  '@esbuild/darwin-arm64@0.25.8':
    optional: true

  '@esbuild/darwin-x64@0.25.8':
    optional: true

  '@esbuild/freebsd-arm64@0.25.8':
    optional: true

  '@esbuild/freebsd-x64@0.25.8':
    optional: true

  '@esbuild/linux-arm64@0.25.8':
    optional: true

  '@esbuild/linux-arm@0.25.8':
    optional: true

  '@esbuild/linux-ia32@0.25.8':
    optional: true

  '@esbuild/linux-loong64@0.25.8':
    optional: true

  '@esbuild/linux-mips64el@0.25.8':
    optional: true

  '@esbuild/linux-ppc64@0.25.8':
    optional: true

  '@esbuild/linux-riscv64@0.25.8':
    optional: true

  '@esbuild/linux-s390x@0.25.8':
    optional: true

  '@esbuild/linux-x64@0.25.8':
    optional: true

  '@esbuild/netbsd-arm64@0.25.8':
    optional: true

  '@esbuild/netbsd-x64@0.25.8':
    optional: true

  '@esbuild/openbsd-arm64@0.25.8':
    optional: true

  '@esbuild/openbsd-x64@0.25.8':
    optional: true

  '@esbuild/openharmony-arm64@0.25.8':
    optional: true

  '@esbuild/sunos-x64@0.25.8':
    optional: true

  '@esbuild/win32-arm64@0.25.8':
    optional: true

  '@esbuild/win32-ia32@0.25.8':
    optional: true

  '@esbuild/win32-x64@0.25.8':
    optional: true

  '@rollup/rollup-android-arm-eabi@4.46.1':
    optional: true

  '@rollup/rollup-android-arm64@4.46.1':
    optional: true

  '@rollup/rollup-darwin-arm64@4.46.1':
    optional: true

  '@rollup/rollup-darwin-x64@4.46.1':
    optional: true

  '@rollup/rollup-freebsd-arm64@4.46.1':
    optional: true

  '@rollup/rollup-freebsd-x64@4.46.1':
    optional: true

  '@rollup/rollup-linux-arm-gnueabihf@4.46.1':
    optional: true

  '@rollup/rollup-linux-arm-musleabihf@4.46.1':
    optional: true

  '@rollup/rollup-linux-arm64-gnu@4.46.1':
    optional: true

  '@rollup/rollup-linux-arm64-musl@4.46.1':
    optional: true

  '@rollup/rollup-linux-loongarch64-gnu@4.46.1':
    optional: true

  '@rollup/rollup-linux-ppc64-gnu@4.46.1':
    optional: true

  '@rollup/rollup-linux-riscv64-gnu@4.46.1':
    optional: true

  '@rollup/rollup-linux-riscv64-musl@4.46.1':
    optional: true

  '@rollup/rollup-linux-s390x-gnu@4.46.1':
    optional: true

  '@rollup/rollup-linux-x64-gnu@4.46.1':
    optional: true

  '@rollup/rollup-linux-x64-musl@4.46.1':
    optional: true

  '@rollup/rollup-win32-arm64-msvc@4.46.1':
    optional: true

  '@rollup/rollup-win32-ia32-msvc@4.46.1':
    optional: true

  '@rollup/rollup-win32-x64-msvc@4.46.1':
    optional: true

  '@types/estree@1.0.8': {}

  '@types/luaparse@0.2.12': {}

  '@types/node@20.19.9':
    dependencies:
      undici-types: 6.21.0

  array-timsort@1.0.3: {}

  comment-json@4.2.5:
    dependencies:
      array-timsort: 1.0.3
      core-util-is: 1.0.3
      esprima: 4.0.1
      has-own-prop: 2.0.0
      repeat-string: 1.6.1

  core-util-is@1.0.3: {}

  esbuild@0.25.8:
    optionalDependencies:
      '@esbuild/aix-ppc64': 0.25.8
      '@esbuild/android-arm': 0.25.8
      '@esbuild/android-arm64': 0.25.8
      '@esbuild/android-x64': 0.25.8
      '@esbuild/darwin-arm64': 0.25.8
      '@esbuild/darwin-x64': 0.25.8
      '@esbuild/freebsd-arm64': 0.25.8
      '@esbuild/freebsd-x64': 0.25.8
      '@esbuild/linux-arm': 0.25.8
      '@esbuild/linux-arm64': 0.25.8
      '@esbuild/linux-ia32': 0.25.8
      '@esbuild/linux-loong64': 0.25.8
      '@esbuild/linux-mips64el': 0.25.8
      '@esbuild/linux-ppc64': 0.25.8
      '@esbuild/linux-riscv64': 0.25.8
      '@esbuild/linux-s390x': 0.25.8
      '@esbuild/linux-x64': 0.25.8
      '@esbuild/netbsd-arm64': 0.25.8
      '@esbuild/netbsd-x64': 0.25.8
      '@esbuild/openbsd-arm64': 0.25.8
      '@esbuild/openbsd-x64': 0.25.8
      '@esbuild/openharmony-arm64': 0.25.8
      '@esbuild/sunos-x64': 0.25.8
      '@esbuild/win32-arm64': 0.25.8
      '@esbuild/win32-ia32': 0.25.8
      '@esbuild/win32-x64': 0.25.8

  esprima@4.0.1: {}

  fdir@6.4.6(picomatch@4.0.3):
    optionalDependencies:
      picomatch: 4.0.3

  fsevents@2.3.3:
    optional: true

  get-tsconfig@4.10.1:
    dependencies:
      resolve-pkg-maps: 1.0.0

  has-own-prop@2.0.0: {}

  luaparse@0.3.1: {}

  nanoid@3.3.11: {}

  picocolors@1.1.1: {}

  picomatch@4.0.3: {}

  postcss@8.5.6:
    dependencies:
      nanoid: 3.3.11
      picocolors: 1.1.1
      source-map-js: 1.2.1

  repeat-string@1.6.1: {}

  resolve-pkg-maps@1.0.0: {}

  rollup@4.46.1:
    dependencies:
      '@types/estree': 1.0.8
    optionalDependencies:
      '@rollup/rollup-android-arm-eabi': 4.46.1
      '@rollup/rollup-android-arm64': 4.46.1
      '@rollup/rollup-darwin-arm64': 4.46.1
      '@rollup/rollup-darwin-x64': 4.46.1
      '@rollup/rollup-freebsd-arm64': 4.46.1
      '@rollup/rollup-freebsd-x64': 4.46.1
      '@rollup/rollup-linux-arm-gnueabihf': 4.46.1
      '@rollup/rollup-linux-arm-musleabihf': 4.46.1
      '@rollup/rollup-linux-arm64-gnu': 4.46.1
      '@rollup/rollup-linux-arm64-musl': 4.46.1
      '@rollup/rollup-linux-loongarch64-gnu': 4.46.1
      '@rollup/rollup-linux-ppc64-gnu': 4.46.1
      '@rollup/rollup-linux-riscv64-gnu': 4.46.1
      '@rollup/rollup-linux-riscv64-musl': 4.46.1
      '@rollup/rollup-linux-s390x-gnu': 4.46.1
      '@rollup/rollup-linux-x64-gnu': 4.46.1
      '@rollup/rollup-linux-x64-musl': 4.46.1
      '@rollup/rollup-win32-arm64-msvc': 4.46.1
      '@rollup/rollup-win32-ia32-msvc': 4.46.1
      '@rollup/rollup-win32-x64-msvc': 4.46.1
      fsevents: 2.3.3

  source-map-js@1.2.1: {}

  tinyglobby@0.2.14:
    dependencies:
      fdir: 6.4.6(picomatch@4.0.3)
      picomatch: 4.0.3

  tsx@4.20.3:
    dependencies:
      esbuild: 0.25.8
      get-tsconfig: 4.10.1
    optionalDependencies:
      fsevents: 2.3.3

  typescript@5.8.3: {}

  undici-types@6.21.0: {}

  vite@6.3.5(@types/node@20.19.9)(tsx@4.20.3):
    dependencies:
      esbuild: 0.25.8
      fdir: 6.4.6(picomatch@4.0.3)
      picomatch: 4.0.3
      postcss: 8.5.6
      rollup: 4.46.1
      tinyglobby: 0.2.14
    optionalDependencies:
      '@types/node': 20.19.9
      fsevents: 2.3.3
      tsx: 4.20.3
